
Microsoft Visual Studio Solution File, Format Version 12.00
# Visual Studio Version 17
VisualStudioVersion = 17.10.34928.147
MinimumVisualStudioVersion = 10.0.40219.1
Project("{FAE04EC0-301F-11D3-BF4B-00C04F79EFBC}") = "HelpR", "HelpR\HelpR.csproj", "{A1EFC078-B11B-40B1-9558-72AEB681CC85}"
EndProject
Global
	GlobalSection(SolutionConfigurationPlatforms) = preSolution
		Debug|Any CPU = Debug|Any CPU
		Release|Any CPU = Release|Any CPU
	EndGlobalSection
	GlobalSection(ProjectConfigurationPlatforms) = postSolution
		{A1EFC078-B11B-40B1-9558-72AEB681CC85}.Debug|Any CPU.ActiveCfg = Debug|Any CPU
		{A1EFC078-B11B-40B1-9558-72AEB681CC85}.Debug|Any CPU.Build.0 = Debug|Any CPU
		{A1EFC078-B11B-40B1-9558-72AEB681CC85}.Release|Any CPU.ActiveCfg = Release|Any CPU
		{A1EFC078-B11B-40B1-9558-72AEB681CC85}.Release|Any CPU.Build.0 = Release|Any CPU
	EndGlobalSection
	GlobalSection(SolutionProperties) = preSolution
		HideSolutionNode = FALSE
	EndGlobalSection
	GlobalSection(ExtensibilityGlobals) = postSolution
		SolutionGuid = {C226A6AF-95A4-402F-AA08-438EECAF19CB}
	EndGlobalSection
EndGlobal
